// !$*UTF8*$!
{
	archiveVersion = 1;
	classes = {
	};
	objectVersion = 56;
	objects = {

/* Begin PBXBuildFile section */
		03FB63002A056A5E000E94A6 /* OvenApp.swift in Sources */ = {isa = PBXBuildFile; fileRef = 03FB62FF2A056A5E000E94A6 /* OvenApp.swift */; };
		03FB63022A056A5E000E94A6 /* HomeView.swift in Sources */ = {isa = PBXBuildFile; fileRef = 03FB63012A056A5E000E94A6 /* HomeView.swift */; };
		03FB63042A056A5F000E94A6 /* Assets.xcassets in Resources */ = {isa = PBXBuildFile; fileRef = 03FB63032A056A5F000E94A6 /* Assets.xcassets */; };
		03FB63072A056A5F000E94A6 /* Preview Assets.xcassets in Resources */ = {isa = PBXBuildFile; fileRef = 03FB63062A056A5F000E94A6 /* Preview Assets.xcassets */; };
		03FB63112A056A5F000E94A6 /* OvenTests.swift in Sources */ = {isa = PBXBuildFile; fileRef = 03FB63102A056A5F000E94A6 /* OvenTests.swift */; };
		03FB631B2A056A5F000E94A6 /* OvenUITests.swift in Sources */ = {isa = PBXBuildFile; fileRef = 03FB631A2A056A5F000E94A6 /* OvenUITests.swift */; };
		03FB631D2A056A5F000E94A6 /* OvenUITestsLaunchTests.swift in Sources */ = {isa = PBXBuildFile; fileRef = 03FB631C2A056A5F000E94A6 /* OvenUITestsLaunchTests.swift */; };
		03FB632A2A05C94D000E94A6 /* SplashView.swift in Sources */ = {isa = PBXBuildFile; fileRef = 03FB63292A05C94D000E94A6 /* SplashView.swift */; };
		03FB632C2A05C956000E94A6 /* OnboardingView.swift in Sources */ = {isa = PBXBuildFile; fileRef = 03FB632B2A05C956000E94A6 /* OnboardingView.swift */; };
		03FB632E2A05C993000E94A6 /* LocationView.swift in Sources */ = {isa = PBXBuildFile; fileRef = 03FB632D2A05C993000E94A6 /* LocationView.swift */; };
		03FB63302A05C99B000E94A6 /* InhaleView.swift in Sources */ = {isa = PBXBuildFile; fileRef = 03FB632F2A05C99B000E94A6 /* InhaleView.swift */; };
		03FB63322A05C9A4000E94A6 /* CompleteView.swift in Sources */ = {isa = PBXBuildFile; fileRef = 03FB63312A05C9A4000E94A6 /* CompleteView.swift */; };
		03FB63342A05C9BF000E94A6 /* TimerView.swift in Sources */ = {isa = PBXBuildFile; fileRef = 03FB63332A05C9BF000E94A6 /* TimerView.swift */; };
		03FB63362A05C9CA000E94A6 /* CompassView.swift in Sources */ = {isa = PBXBuildFile; fileRef = 03FB63352A05C9CA000E94A6 /* CompassView.swift */; };
		03FB633A2A05C9F3000E94A6 /* StepView.swift in Sources */ = {isa = PBXBuildFile; fileRef = 03FB63392A05C9F3000E94A6 /* StepView.swift */; };
/* End PBXBuildFile section */

/* Begin PBXContainerItemProxy section */
		03FB630D2A056A5F000E94A6 /* PBXContainerItemProxy */ = {
			isa = PBXContainerItemProxy;
			containerPortal = 03FB62F42A056A5E000E94A6 /* Project object */;
			proxyType = 1;
			remoteGlobalIDString = 03FB62FB2A056A5E000E94A6;
			remoteInfo = Oven;
		};
		03FB63172A056A5F000E94A6 /* PBXContainerItemProxy */ = {
			isa = PBXContainerItemProxy;
			containerPortal = 03FB62F42A056A5E000E94A6 /* Project object */;
			proxyType = 1;
			remoteGlobalIDString = 03FB62FB2A056A5E000E94A6;
			remoteInfo = Oven;
		};
/* End PBXContainerItemProxy section */

/* Begin PBXFileReference section */
		03FB62FC2A056A5E000E94A6 /* Oven.app */ = {isa = PBXFileReference; explicitFileType = wrapper.application; includeInIndex = 0; path = Oven.app; sourceTree = BUILT_PRODUCTS_DIR; };
		03FB62FF2A056A5E000E94A6 /* OvenApp.swift */ = {isa = PBXFileReference; lastKnownFileType = sourcecode.swift; path = OvenApp.swift; sourceTree = "<group>"; };
		03FB63012A056A5E000E94A6 /* HomeView.swift */ = {isa = PBXFileReference; lastKnownFileType = sourcecode.swift; path = HomeView.swift; sourceTree = "<group>"; };
		03FB63032A056A5F000E94A6 /* Assets.xcassets */ = {isa = PBXFileReference; lastKnownFileType = folder.assetcatalog; path = Assets.xcassets; sourceTree = "<group>"; };
		03FB63062A056A5F000E94A6 /* Preview Assets.xcassets */ = {isa = PBXFileReference; lastKnownFileType = folder.assetcatalog; path = "Preview Assets.xcassets"; sourceTree = "<group>"; };
		03FB630C2A056A5F000E94A6 /* OvenTests.xctest */ = {isa = PBXFileReference; explicitFileType = wrapper.cfbundle; includeInIndex = 0; path = OvenTests.xctest; sourceTree = BUILT_PRODUCTS_DIR; };
		03FB63102A056A5F000E94A6 /* OvenTests.swift */ = {isa = PBXFileReference; lastKnownFileType = sourcecode.swift; path = OvenTests.swift; sourceTree = "<group>"; };
		03FB63162A056A5F000E94A6 /* OvenUITests.xctest */ = {isa = PBXFileReference; explicitFileType = wrapper.cfbundle; includeInIndex = 0; path = OvenUITests.xctest; sourceTree = BUILT_PRODUCTS_DIR; };
		03FB631A2A056A5F000E94A6 /* OvenUITests.swift */ = {isa = PBXFileReference; lastKnownFileType = sourcecode.swift; path = OvenUITests.swift; sourceTree = "<group>"; };
		03FB631C2A056A5F000E94A6 /* OvenUITestsLaunchTests.swift */ = {isa = PBXFileReference; lastKnownFileType = sourcecode.swift; path = OvenUITestsLaunchTests.swift; sourceTree = "<group>"; };
		03FB63292A05C94D000E94A6 /* SplashView.swift */ = {isa = PBXFileReference; lastKnownFileType = sourcecode.swift; path = SplashView.swift; sourceTree = "<group>"; };
		03FB632B2A05C956000E94A6 /* OnboardingView.swift */ = {isa = PBXFileReference; lastKnownFileType = sourcecode.swift; path = OnboardingView.swift; sourceTree = "<group>"; };
		03FB632D2A05C993000E94A6 /* LocationView.swift */ = {isa = PBXFileReference; lastKnownFileType = sourcecode.swift; path = LocationView.swift; sourceTree = "<group>"; };
		03FB632F2A05C99B000E94A6 /* InhaleView.swift */ = {isa = PBXFileReference; lastKnownFileType = sourcecode.swift; path = InhaleView.swift; sourceTree = "<group>"; };
		03FB63312A05C9A4000E94A6 /* CompleteView.swift */ = {isa = PBXFileReference; lastKnownFileType = sourcecode.swift; path = CompleteView.swift; sourceTree = "<group>"; };
		03FB63332A05C9BF000E94A6 /* TimerView.swift */ = {isa = PBXFileReference; lastKnownFileType = sourcecode.swift; path = TimerView.swift; sourceTree = "<group>"; };
		03FB63352A05C9CA000E94A6 /* CompassView.swift */ = {isa = PBXFileReference; lastKnownFileType = sourcecode.swift; path = CompassView.swift; sourceTree = "<group>"; };
		03FB63392A05C9F3000E94A6 /* StepView.swift */ = {isa = PBXFileReference; lastKnownFileType = sourcecode.swift; path = StepView.swift; sourceTree = "<group>"; };
/* End PBXFileReference section */

/* Begin PBXFrameworksBuildPhase section */
		03FB62F92A056A5E000E94A6 /* Frameworks */ = {
			isa = PBXFrameworksBuildPhase;
			buildActionMask = 2147483647;
			files = (
			);
			runOnlyForDeploymentPostprocessing = 0;
		};
		03FB63092A056A5F000E94A6 /* Frameworks */ = {
			isa = PBXFrameworksBuildPhase;
			buildActionMask = 2147483647;
			files = (
			);
			runOnlyForDeploymentPostprocessing = 0;
		};
		03FB63132A056A5F000E94A6 /* Frameworks */ = {
			isa = PBXFrameworksBuildPhase;
			buildActionMask = 2147483647;
			files = (
			);
			runOnlyForDeploymentPostprocessing = 0;
		};
/* End PBXFrameworksBuildPhase section */

/* Begin PBXGroup section */
		03FB62F32A056A5E000E94A6 = {
			isa = PBXGroup;
			children = (
				03FB62FE2A056A5E000E94A6 /* Oven */,
				03FB630F2A056A5F000E94A6 /* OvenTests */,
				03FB63192A056A5F000E94A6 /* OvenUITests */,
				03FB62FD2A056A5E000E94A6 /* Products */,
			);
			sourceTree = "<group>";
		};
		03FB62FD2A056A5E000E94A6 /* Products */ = {
			isa = PBXGroup;
			children = (
				03FB62FC2A056A5E000E94A6 /* Oven.app */,
				03FB630C2A056A5F000E94A6 /* OvenTests.xctest */,
				03FB63162A056A5F000E94A6 /* OvenUITests.xctest */,
			);
			name = Products;
			sourceTree = "<group>";
		};
		03FB62FE2A056A5E000E94A6 /* Oven */ = {
			isa = PBXGroup;
			children = (
				03FB62FF2A056A5E000E94A6 /* OvenApp.swift */,
				03FB63292A05C94D000E94A6 /* SplashView.swift */,
				03FB632B2A05C956000E94A6 /* OnboardingView.swift */,
				03FB63012A056A5E000E94A6 /* HomeView.swift */,
				03FB632D2A05C993000E94A6 /* LocationView.swift */,
				03FB632F2A05C99B000E94A6 /* InhaleView.swift */,
				03FB63312A05C9A4000E94A6 /* CompleteView.swift */,
				03FB63332A05C9BF000E94A6 /* TimerView.swift */,
				03FB63352A05C9CA000E94A6 /* CompassView.swift */,
				03FB63392A05C9F3000E94A6 /* StepView.swift */,
				03FB63032A056A5F000E94A6 /* Assets.xcassets */,
				03FB63052A056A5F000E94A6 /* Preview Content */,
			);
			path = Oven;
			sourceTree = "<group>";
		};
		03FB63052A056A5F000E94A6 /* Preview Content */ = {
			isa = PBXGroup;
			children = (
				03FB63062A056A5F000E94A6 /* Preview Assets.xcassets */,
			);
			path = "Preview Content";
			sourceTree = "<group>";
		};
		03FB630F2A056A5F000E94A6 /* OvenTests */ = {
			isa = PBXGroup;
			children = (
				03FB63102A056A5F000E94A6 /* OvenTests.swift */,
			);
			path = OvenTests;
			sourceTree = "<group>";
		};
		03FB63192A056A5F000E94A6 /* OvenUITests */ = {
			isa = PBXGroup;
			children = (
				03FB631A2A056A5F000E94A6 /* OvenUITests.swift */,
				03FB631C2A056A5F000E94A6 /* OvenUITestsLaunchTests.swift */,
			);
			path = OvenUITests;
			sourceTree = "<group>";
		};
/* End PBXGroup section */

/* Begin PBXNativeTarget section */
		03FB62FB2A056A5E000E94A6 /* Oven */ = {
			isa = PBXNativeTarget;
			buildConfigurationList = 03FB63202A056A5F000E94A6 /* Build configuration list for PBXNativeTarget "Oven" */;
			buildPhases = (
				03FB62F82A056A5E000E94A6 /* Sources */,
				03FB62F92A056A5E000E94A6 /* Frameworks */,
				03FB62FA2A056A5E000E94A6 /* Resources */,
			);
			buildRules = (
			);
			dependencies = (
			);
			name = Oven;
			productName = Oven;
			productReference = 03FB62FC2A056A5E000E94A6 /* Oven.app */;
			productType = "com.apple.product-type.application";
		};
		03FB630B2A056A5F000E94A6 /* OvenTests */ = {
			isa = PBXNativeTarget;
			buildConfigurationList = 03FB63232A056A5F000E94A6 /* Build configuration list for PBXNativeTarget "OvenTests" */;
			buildPhases = (
				03FB63082A056A5F000E94A6 /* Sources */,
				03FB63092A056A5F000E94A6 /* Frameworks */,
				03FB630A2A056A5F000E94A6 /* Resources */,
			);
			buildRules = (
			);
			dependencies = (
				03FB630E2A056A5F000E94A6 /* PBXTargetDependency */,
			);
			name = OvenTests;
			productName = OvenTests;
			productReference = 03FB630C2A056A5F000E94A6 /* OvenTests.xctest */;
			productType = "com.apple.product-type.bundle.unit-test";
		};
		03FB63152A056A5F000E94A6 /* OvenUITests */ = {
			isa = PBXNativeTarget;
			buildConfigurationList = 03FB63262A056A5F000E94A6 /* Build configuration list for PBXNativeTarget "OvenUITests" */;
			buildPhases = (
				03FB63122A056A5F000E94A6 /* Sources */,
				03FB63132A056A5F000E94A6 /* Frameworks */,
				03FB63142A056A5F000E94A6 /* Resources */,
			);
			buildRules = (
			);
			dependencies = (
				03FB63182A056A5F000E94A6 /* PBXTargetDependency */,
			);
			name = OvenUITests;
			productName = OvenUITests;
			productReference = 03FB63162A056A5F000E94A6 /* OvenUITests.xctest */;
			productType = "com.apple.product-type.bundle.ui-testing";
		};
/* End PBXNativeTarget section */

/* Begin PBXProject section */
		03FB62F42A056A5E000E94A6 /* Project object */ = {
			isa = PBXProject;
			attributes = {
				BuildIndependentTargetsInParallel = 1;
				LastSwiftUpdateCheck = 1420;
				LastUpgradeCheck = 1420;
				TargetAttributes = {
					03FB62FB2A056A5E000E94A6 = {
						CreatedOnToolsVersion = 14.2;
					};
					03FB630B2A056A5F000E94A6 = {
						CreatedOnToolsVersion = 14.2;
						TestTargetID = 03FB62FB2A056A5E000E94A6;
					};
					03FB63152A056A5F000E94A6 = {
						CreatedOnToolsVersion = 14.2;
						TestTargetID = 03FB62FB2A056A5E000E94A6;
					};
				};
			};
			buildConfigurationList = 03FB62F72A056A5E000E94A6 /* Build configuration list for PBXProject "Oven" */;
			compatibilityVersion = "Xcode 14.0";
			developmentRegion = en;
			hasScannedForEncodings = 0;
			knownRegions = (
				en,
				Base,
			);
			mainGroup = 03FB62F32A056A5E000E94A6;
			productRefGroup = 03FB62FD2A056A5E000E94A6 /* Products */;
			projectDirPath = "";
			projectRoot = "";
			targets = (
				03FB62FB2A056A5E000E94A6 /* Oven */,
				03FB630B2A056A5F000E94A6 /* OvenTests */,
				03FB63152A056A5F000E94A6 /* OvenUITests */,
			);
		};
/* End PBXProject section */

/* Begin PBXResourcesBuildPhase section */
		03FB62FA2A056A5E000E94A6 /* Resources */ = {
			isa = PBXResourcesBuildPhase;
			buildActionMask = 2147483647;
			files = (
				03FB63072A056A5F000E94A6 /* Preview Assets.xcassets in Resources */,
				03FB63042A056A5F000E94A6 /* Assets.xcassets in Resources */,
			);
			runOnlyForDeploymentPostprocessing = 0;
		};
		03FB630A2A056A5F000E94A6 /* Resources */ = {
			isa = PBXResourcesBuildPhase;
			buildActionMask = 2147483647;
			files = (
			);
			runOnlyForDeploymentPostprocessing = 0;
		};
		03FB63142A056A5F000E94A6 /* Resources */ = {
			isa = PBXResourcesBuildPhase;
			buildActionMask = 2147483647;
			files = (
			);
			runOnlyForDeploymentPostprocessing = 0;
		};
/* End PBXResourcesBuildPhase section */

/* Begin PBXSourcesBuildPhase section */
		03FB62F82A056A5E000E94A6 /* Sources */ = {
			isa = PBXSourcesBuildPhase;
			buildActionMask = 2147483647;
			files = (
				03FB63022A056A5E000E94A6 /* HomeView.swift in Sources */,
				03FB63322A05C9A4000E94A6 /* CompleteView.swift in Sources */,
				03FB632C2A05C956000E94A6 /* OnboardingView.swift in Sources */,
				03FB632E2A05C993000E94A6 /* LocationView.swift in Sources */,
				03FB63302A05C99B000E94A6 /* InhaleView.swift in Sources */,
				03FB63002A056A5E000E94A6 /* OvenApp.swift in Sources */,
				03FB63362A05C9CA000E94A6 /* CompassView.swift in Sources */,
				03FB63342A05C9BF000E94A6 /* TimerView.swift in Sources */,
				03FB633A2A05C9F3000E94A6 /* StepView.swift in Sources */,
				03FB632A2A05C94D000E94A6 /* SplashView.swift in Sources */,
			);
			runOnlyForDeploymentPostprocessing = 0;
		};
		03FB63082A056A5F000E94A6 /* Sources */ = {
			isa = PBXSourcesBuildPhase;
			buildActionMask = 2147483647;
			files = (
				03FB63112A056A5F000E94A6 /* OvenTests.swift in Sources */,
			);
			runOnlyForDeploymentPostprocessing = 0;
		};
		03FB63122A056A5F000E94A6 /* Sources */ = {
			isa = PBXSourcesBuildPhase;
			buildActionMask = 2147483647;
			files = (
				03FB631D2A056A5F000E94A6 /* OvenUITestsLaunchTests.swift in Sources */,
				03FB631B2A056A5F000E94A6 /* OvenUITests.swift in Sources */,
			);
			runOnlyForDeploymentPostprocessing = 0;
		};
/* End PBXSourcesBuildPhase section */

/* Begin PBXTargetDependency section */
		03FB630E2A056A5F000E94A6 /* PBXTargetDependency */ = {
			isa = PBXTargetDependency;
			target = 03FB62FB2A056A5E000E94A6 /* Oven */;
			targetProxy = 03FB630D2A056A5F000E94A6 /* PBXContainerItemProxy */;
		};
		03FB63182A056A5F000E94A6 /* PBXTargetDependency */ = {
			isa = PBXTargetDependency;
			target = 03FB62FB2A056A5E000E94A6 /* Oven */;
			targetProxy = 03FB63172A056A5F000E94A6 /* PBXContainerItemProxy */;
		};
/* End PBXTargetDependency section */

/* Begin XCBuildConfiguration section */
		03FB631E2A056A5F000E94A6 /* Debug */ = {
			isa = XCBuildConfiguration;
			buildSettings = {
				ALWAYS_SEARCH_USER_PATHS = NO;
				CLANG_ANALYZER_NONNULL = YES;
				CLANG_ANALYZER_NUMBER_OBJECT_CONVERSION = YES_AGGRESSIVE;
				CLANG_CXX_LANGUAGE_STANDARD = "gnu++20";
				CLANG_ENABLE_MODULES = YES;
				CLANG_ENABLE_OBJC_ARC = YES;
				CLANG_ENABLE_OBJC_WEAK = YES;
				CLANG_WARN_BLOCK_CAPTURE_AUTORELEASING = YES;
				CLANG_WARN_BOOL_CONVERSION = YES;
				CLANG_WARN_COMMA = YES;
				CLANG_WARN_CONSTANT_CONVERSION = YES;
				CLANG_WARN_DEPRECATED_OBJC_IMPLEMENTATIONS = YES;
				CLANG_WARN_DIRECT_OBJC_ISA_USAGE = YES_ERROR;
				CLANG_WARN_DOCUMENTATION_COMMENTS = YES;
				CLANG_WARN_EMPTY_BODY = YES;
				CLANG_WARN_ENUM_CONVERSION = YES;
				CLANG_WARN_INFINITE_RECURSION = YES;
				CLANG_WARN_INT_CONVERSION = YES;
				CLANG_WARN_NON_LITERAL_NULL_CONVERSION = YES;
				CLANG_WARN_OBJC_IMPLICIT_RETAIN_SELF = YES;
				CLANG_WARN_OBJC_LITERAL_CONVERSION = YES;
				CLANG_WARN_OBJC_ROOT_CLASS = YES_ERROR;
				CLANG_WARN_QUOTED_INCLUDE_IN_FRAMEWORK_HEADER = YES;
				CLANG_WARN_RANGE_LOOP_ANALYSIS = YES;
				CLANG_WARN_STRICT_PROTOTYPES = YES;
				CLANG_WARN_SUSPICIOUS_MOVE = YES;
				CLANG_WARN_UNGUARDED_AVAILABILITY = YES_AGGRESSIVE;
				CLANG_WARN_UNREACHABLE_CODE = YES;
				CLANG_WARN__DUPLICATE_METHOD_MATCH = YES;
				COPY_PHASE_STRIP = NO;
				DEBUG_INFORMATION_FORMAT = dwarf;
				ENABLE_STRICT_OBJC_MSGSEND = YES;
				ENABLE_TESTABILITY = YES;
				GCC_C_LANGUAGE_STANDARD = gnu11;
				GCC_DYNAMIC_NO_PIC = NO;
				GCC_NO_COMMON_BLOCKS = YES;
				GCC_OPTIMIZATION_LEVEL = 0;
				GCC_PREPROCESSOR_DEFINITIONS = (
					"DEBUG=1",
					"$(inherited)",
				);
				GCC_WARN_64_TO_32_BIT_CONVERSION = YES;
				GCC_WARN_ABOUT_RETURN_TYPE = YES_ERROR;
				GCC_WARN_UNDECLARED_SELECTOR = YES;
				GCC_WARN_UNINITIALIZED_AUTOS = YES_AGGRESSIVE;
				GCC_WARN_UNUSED_FUNCTION = YES;
				GCC_WARN_UNUSED_VARIABLE = YES;
				IPHONEOS_DEPLOYMENT_TARGET = 16.2;
				MTL_ENABLE_DEBUG_INFO = INCLUDE_SOURCE;
				MTL_FAST_MATH = YES;
				ONLY_ACTIVE_ARCH = YES;
				SDKROOT = iphoneos;
				SWIFT_ACTIVE_COMPILATION_CONDITIONS = DEBUG;
				SWIFT_OPTIMIZATION_LEVEL = "-Onone";
			};
			name = Debug;
		};
		03FB631F2A056A5F000E94A6 /* Release */ = {
			isa = XCBuildConfiguration;
			buildSettings = {
				ALWAYS_SEARCH_USER_PATHS = NO;
				CLANG_ANALYZER_NONNULL = YES;
				CLANG_ANALYZER_NUMBER_OBJECT_CONVERSION = YES_AGGRESSIVE;
				CLANG_CXX_LANGUAGE_STANDARD = "gnu++20";
				CLANG_ENABLE_MODULES = YES;
				CLANG_ENABLE_OBJC_ARC = YES;
				CLANG_ENABLE_OBJC_WEAK = YES;
				CLANG_WARN_BLOCK_CAPTURE_AUTORELEASING = YES;
				CLANG_WARN_BOOL_CONVERSION = YES;
				CLANG_WARN_COMMA = YES;
				CLANG_WARN_CONSTANT_CONVERSION = YES;
				CLANG_WARN_DEPRECATED_OBJC_IMPLEMENTATIONS = YES;
				CLANG_WARN_DIRECT_OBJC_ISA_USAGE = YES_ERROR;
				CLANG_WARN_DOCUMENTATION_COMMENTS = YES;
				CLANG_WARN_EMPTY_BODY = YES;
				CLANG_WARN_ENUM_CONVERSION = YES;
				CLANG_WARN_INFINITE_RECURSION = YES;
				CLANG_WARN_INT_CONVERSION = YES;
				CLANG_WARN_NON_LITERAL_NULL_CONVERSION = YES;
				CLANG_WARN_OBJC_IMPLICIT_RETAIN_SELF = YES;
				CLANG_WARN_OBJC_LITERAL_CONVERSION = YES;
				CLANG_WARN_OBJC_ROOT_CLASS = YES_ERROR;
				CLANG_WARN_QUOTED_INCLUDE_IN_FRAMEWORK_HEADER = YES;
				CLANG_WARN_RANGE_LOOP_ANALYSIS = YES;
				CLANG_WARN_STRICT_PROTOTYPES = YES;
				CLANG_WARN_SUSPICIOUS_MOVE = YES;
				CLANG_WARN_UNGUARDED_AVAILABILITY = YES_AGGRESSIVE;
				CLANG_WARN_UNREACHABLE_CODE = YES;
				CLANG_WARN__DUPLICATE_METHOD_MATCH = YES;
				COPY_PHASE_STRIP = NO;
				DEBUG_INFORMATION_FORMAT = "dwarf-with-dsym";
				ENABLE_NS_ASSERTIONS = NO;
				ENABLE_STRICT_OBJC_MSGSEND = YES;
				GCC_C_LANGUAGE_STANDARD = gnu11;
				GCC_NO_COMMON_BLOCKS = YES;
				GCC_WARN_64_TO_32_BIT_CONVERSION = YES;
				GCC_WARN_ABOUT_RETURN_TYPE = YES_ERROR;
				GCC_WARN_UNDECLARED_SELECTOR = YES;
				GCC_WARN_UNINITIALIZED_AUTOS = YES_AGGRESSIVE;
				GCC_WARN_UNUSED_FUNCTION = YES;
				GCC_WARN_UNUSED_VARIABLE = YES;
				IPHONEOS_DEPLOYMENT_TARGET = 16.2;
				MTL_ENABLE_DEBUG_INFO = NO;
				MTL_FAST_MATH = YES;
				SDKROOT = iphoneos;
				SWIFT_COMPILATION_MODE = wholemodule;
				SWIFT_OPTIMIZATION_LEVEL = "-O";
				VALIDATE_PRODUCT = YES;
			};
			name = Release;
		};
		03FB63212A056A5F000E94A6 /* Debug */ = {
			isa = XCBuildConfiguration;
			buildSettings = {
				ASSETCATALOG_COMPILER_APPICON_NAME = AppIcon;
				ASSETCATALOG_COMPILER_GLOBAL_ACCENT_COLOR_NAME = AccentColor;
				CODE_SIGN_STYLE = Automatic;
				CURRENT_PROJECT_VERSION = 1;
				DEVELOPMENT_ASSET_PATHS = "\"Oven/Preview Content\"";
				DEVELOPMENT_TEAM = V59QA8T54G;
				ENABLE_PREVIEWS = YES;
				GENERATE_INFOPLIST_FILE = YES;
				INFOPLIST_KEY_UIApplicationSceneManifest_Generation = YES;
				INFOPLIST_KEY_UIApplicationSupportsIndirectInputEvents = YES;
				INFOPLIST_KEY_UILaunchScreen_Generation = YES;
				INFOPLIST_KEY_UISupportedInterfaceOrientations_iPad = "UIInterfaceOrientationPortrait UIInterfaceOrientationPortraitUpsideDown UIInterfaceOrientationLandscapeLeft UIInterfaceOrientationLandscapeRight";
				INFOPLIST_KEY_UISupportedInterfaceOrientations_iPhone = "UIInterfaceOrientationPortrait UIInterfaceOrientationLandscapeLeft UIInterfaceOrientationLandscapeRight";
				IPHONEOS_DEPLOYMENT_TARGET = 16.2;
				LD_RUNPATH_SEARCH_PATHS = (
					"$(inherited)",
					"@executable_path/Frameworks",
				);
				MARKETING_VERSION = 1.0;
				PRODUCT_BUNDLE_IDENTIFIER = "com.example.apple-samplecode.Oven";
				PRODUCT_NAME = "$(TARGET_NAME)";
				SWIFT_EMIT_LOC_STRINGS = YES;
				SWIFT_VERSION = 5.0;
				TARGETED_DEVICE_FAMILY = "1,2";
			};
			name = Debug;
		};
		03FB63222A056A5F000E94A6 /* Release */ = {
			isa = XCBuildConfiguration;
			buildSettings = {
				ASSETCATALOG_COMPILER_APPICON_NAME = AppIcon;
				ASSETCATALOG_COMPILER_GLOBAL_ACCENT_COLOR_NAME = AccentColor;
				CODE_SIGN_STYLE = Automatic;
				CURRENT_PROJECT_VERSION = 1;
				DEVELOPMENT_ASSET_PATHS = "\"Oven/Preview Content\"";
				DEVELOPMENT_TEAM = V59QA8T54G;
				ENABLE_PREVIEWS = YES;
				GENERATE_INFOPLIST_FILE = YES;
				INFOPLIST_KEY_UIApplicationSceneManifest_Generation = YES;
				INFOPLIST_KEY_UIApplicationSupportsIndirectInputEvents = YES;
				INFOPLIST_KEY_UILaunchScreen_Generation = YES;
				INFOPLIST_KEY_UISupportedInterfaceOrientations_iPad = "UIInterfaceOrientationPortrait UIInterfaceOrientationPortraitUpsideDown UIInterfaceOrientationLandscapeLeft UIInterfaceOrientationLandscapeRight";
				INFOPLIST_KEY_UISupportedInterfaceOrientations_iPhone = "UIInterfaceOrientationPortrait UIInterfaceOrientationLandscapeLeft UIInterfaceOrientationLandscapeRight";
				IPHONEOS_DEPLOYMENT_TARGET = 16.2;
				LD_RUNPATH_SEARCH_PATHS = (
					"$(inherited)",
					"@executable_path/Frameworks",
				);
				MARKETING_VERSION = 1.0;
				PRODUCT_BUNDLE_IDENTIFIER = "com.example.apple-samplecode.Oven";
				PRODUCT_NAME = "$(TARGET_NAME)";
				SWIFT_EMIT_LOC_STRINGS = YES;
				SWIFT_VERSION = 5.0;
				TARGETED_DEVICE_FAMILY = "1,2";
			};
			name = Release;
		};
		03FB63242A056A5F000E94A6 /* Debug */ = {
			isa = XCBuildConfiguration;
			buildSettings = {
				ALWAYS_EMBED_SWIFT_STANDARD_LIBRARIES = YES;
				BUNDLE_LOADER = "$(TEST_HOST)";
				CODE_SIGN_STYLE = Automatic;
				CURRENT_PROJECT_VERSION = 1;
				DEVELOPMENT_TEAM = RFZY2ACQ74;
				GENERATE_INFOPLIST_FILE = YES;
				IPHONEOS_DEPLOYMENT_TARGET = 16.2;
				MARKETING_VERSION = 1.0;
				PRODUCT_BUNDLE_IDENTIFIER = "com.example.apple-samplecode.OvenTests";
				PRODUCT_NAME = "$(TARGET_NAME)";
				SWIFT_EMIT_LOC_STRINGS = NO;
				SWIFT_VERSION = 5.0;
				TARGETED_DEVICE_FAMILY = "1,2";
				TEST_HOST = "$(BUILT_PRODUCTS_DIR)/Oven.app/$(BUNDLE_EXECUTABLE_FOLDER_PATH)/Oven";
			};
			name = Debug;
		};
		03FB63252A056A5F000E94A6 /* Release */ = {
			isa = XCBuildConfiguration;
			buildSettings = {
				ALWAYS_EMBED_SWIFT_STANDARD_LIBRARIES = YES;
				BUNDLE_LOADER = "$(TEST_HOST)";
				CODE_SIGN_STYLE = Automatic;
				CURRENT_PROJECT_VERSION = 1;
				DEVELOPMENT_TEAM = RFZY2ACQ74;
				GENERATE_INFOPLIST_FILE = YES;
				IPHONEOS_DEPLOYMENT_TARGET = 16.2;
				MARKETING_VERSION = 1.0;
				PRODUCT_BUNDLE_IDENTIFIER = "com.example.apple-samplecode.OvenTests";
				PRODUCT_NAME = "$(TARGET_NAME)";
				SWIFT_EMIT_LOC_STRINGS = NO;
				SWIFT_VERSION = 5.0;
				TARGETED_DEVICE_FAMILY = "1,2";
				TEST_HOST = "$(BUILT_PRODUCTS_DIR)/Oven.app/$(BUNDLE_EXECUTABLE_FOLDER_PATH)/Oven";
			};
			name = Release;
		};
		03FB63272A056A5F000E94A6 /* Debug */ = {
			isa = XCBuildConfiguration;
			buildSettings = {
				ALWAYS_EMBED_SWIFT_STANDARD_LIBRARIES = YES;
				CODE_SIGN_STYLE = Automatic;
				CURRENT_PROJECT_VERSION = 1;
				DEVELOPMENT_TEAM = RFZY2ACQ74;
				GENERATE_INFOPLIST_FILE = YES;
				MARKETING_VERSION = 1.0;
				PRODUCT_BUNDLE_IDENTIFIER = "com.example.apple-samplecode.OvenUITests";
				PRODUCT_NAME = "$(TARGET_NAME)";
				SWIFT_EMIT_LOC_STRINGS = NO;
				SWIFT_VERSION = 5.0;
				TARGETED_DEVICE_FAMILY = "1,2";
				TEST_TARGET_NAME = Oven;
			};
			name = Debug;
		};
		03FB63282A056A5F000E94A6 /* Release */ = {
			isa = XCBuildConfiguration;
			buildSettings = {
				ALWAYS_EMBED_SWIFT_STANDARD_LIBRARIES = YES;
				CODE_SIGN_STYLE = Automatic;
				CURRENT_PROJECT_VERSION = 1;
				DEVELOPMENT_TEAM = RFZY2ACQ74;
				GENERATE_INFOPLIST_FILE = YES;
				MARKETING_VERSION = 1.0;
				PRODUCT_BUNDLE_IDENTIFIER = "com.example.apple-samplecode.OvenUITests";
				PRODUCT_NAME = "$(TARGET_NAME)";
				SWIFT_EMIT_LOC_STRINGS = NO;
				SWIFT_VERSION = 5.0;
				TARGETED_DEVICE_FAMILY = "1,2";
				TEST_TARGET_NAME = Oven;
			};
			name = Release;
		};
/* End XCBuildConfiguration section */

/* Begin XCConfigurationList section */
		03FB62F72A056A5E000E94A6 /* Build configuration list for PBXProject "Oven" */ = {
			isa = XCConfigurationList;
			buildConfigurations = (
				03FB631E2A056A5F000E94A6 /* Debug */,
				03FB631F2A056A5F000E94A6 /* Release */,
			);
			defaultConfigurationIsVisible = 0;
			defaultConfigurationName = Release;
		};
		03FB63202A056A5F000E94A6 /* Build configuration list for PBXNativeTarget "Oven" */ = {
			isa = XCConfigurationList;
			buildConfigurations = (
				03FB63212A056A5F000E94A6 /* Debug */,
				03FB63222A056A5F000E94A6 /* Release */,
			);
			defaultConfigurationIsVisible = 0;
			defaultConfigurationName = Release;
		};
		03FB63232A056A5F000E94A6 /* Build configuration list for PBXNativeTarget "OvenTests" */ = {
			isa = XCConfigurationList;
			buildConfigurations = (
				03FB63242A056A5F000E94A6 /* Debug */,
				03FB63252A056A5F000E94A6 /* Release */,
			);
			defaultConfigurationIsVisible = 0;
			defaultConfigurationName = Release;
		};
		03FB63262A056A5F000E94A6 /* Build configuration list for PBXNativeTarget "OvenUITests" */ = {
			isa = XCConfigurationList;
			buildConfigurations = (
				03FB63272A056A5F000E94A6 /* Debug */,
				03FB63282A056A5F000E94A6 /* Release */,
			);
			defaultConfigurationIsVisible = 0;
			defaultConfigurationName = Release;
		};
/* End XCConfigurationList section */
	};
	rootObject = 03FB62F42A056A5E000E94A6 /* Project object */;
}
